
Microsoft Visual Studio Solution File, Format Version 12.00
# Visual Studio Version 17
VisualStudioVersion = 17.6.33829.357
MinimumVisualStudioVersion = 10.0.40219.1
Project("{9A19103F-16F7-4668-BE54-9A1E7A4F7556}") = "StudentProjectManager", "StudentProjectManager.csproj", "{BC59C1F0-66CF-4637-AE9B-5D580A097F95}"
EndProject
Project("{FAE04EC0-301F-11D3-BF4B-00C04F79EFBC}") = "TestProject", "Test\TestProject\TestProject.csproj", "{F741F694-44A7-4554-883C-5AED08195F9B}"
EndProject
Global
	GlobalSection(SolutionConfigurationPlatforms) = preSolution
		Debug|Any CPU = Debug|Any CPU
		Release|Any CPU = Release|Any CPU
	EndGlobalSection
	GlobalSection(ProjectConfigurationPlatforms) = postSolution
		{BC59C1F0-66CF-4637-AE9B-5D580A097F95}.Debug|Any CPU.ActiveCfg = Debug|Any CPU
		{BC59C1F0-66CF-4637-AE9B-5D580A097F95}.Debug|Any CPU.Build.0 = Debug|Any CPU
		{BC59C1F0-66CF-4637-AE9B-5D580A097F95}.Release|Any CPU.ActiveCfg = Release|Any CPU
		{BC59C1F0-66CF-4637-AE9B-5D580A097F95}.Release|Any CPU.Build.0 = Release|Any CPU
		{F741F694-44A7-4554-883C-5AED08195F9B}.Debug|Any CPU.ActiveCfg = Debug|Any CPU
		{F741F694-44A7-4554-883C-5AED08195F9B}.Debug|Any CPU.Build.0 = Debug|Any CPU
		{F741F694-44A7-4554-883C-5AED08195F9B}.Release|Any CPU.ActiveCfg = Release|Any CPU
		{F741F694-44A7-4554-883C-5AED08195F9B}.Release|Any CPU.Build.0 = Release|Any CPU
	EndGlobalSection
	GlobalSection(SolutionProperties) = preSolution
		HideSolutionNode = FALSE
	EndGlobalSection
	GlobalSection(ExtensibilityGlobals) = postSolution
		SolutionGuid = {23F36340-B64D-4D61-8771-DE33BE1414E0}
	EndGlobalSection
EndGlobal
